
Microsoft Visual Studio Solution File, Format Version 12.00
# Visual Studio Version 16
VisualStudioVersion = 16.0.30225.117
MinimumVisualStudioVersion = 10.0.40219.1
Project("{FAE04EC0-301F-11D3-BF4B-00C04F79EFBC}") = "inclassPrime3", "inclassPrime3\inclassPrime3.csproj", "{37038BA1-0668-4483-AC74-16CD2608BE4A}"
EndProject
Global
	GlobalSection(SolutionConfigurationPlatforms) = preSolution
		Debug|Any CPU = Debug|Any CPU
		Release|Any CPU = Release|Any CPU
	EndGlobalSection
	GlobalSection(ProjectConfigurationPlatforms) = postSolution
		{37038BA1-0668-4483-AC74-16CD2608BE4A}.Debug|Any CPU.ActiveCfg = Debug|Any CPU
		{37038BA1-0668-4483-AC74-16CD2608BE4A}.Debug|Any CPU.Build.0 = Debug|Any CPU
		{37038BA1-0668-4483-AC74-16CD2608BE4A}.Release|Any CPU.ActiveCfg = Release|Any CPU
		{37038BA1-0668-4483-AC74-16CD2608BE4A}.Release|Any CPU.Build.0 = Release|Any CPU
	EndGlobalSection
	GlobalSection(SolutionProperties) = preSolution
		HideSolutionNode = FALSE
	EndGlobalSection
	GlobalSection(ExtensibilityGlobals) = postSolution
		SolutionGuid = {22BD8D8A-B4EE-43AB-819F-F554E825A863}
	EndGlobalSection
EndGlobal
