
Microsoft Visual Studio Solution File, Format Version 12.00
# Visual Studio Version 16
VisualStudioVersion = 16.0.30413.136
MinimumVisualStudioVersion = 10.0.40219.1
Project("{FAE04EC0-301F-11D3-BF4B-00C04F79EFBC}") = "RecursivePrintLetters", "RecursivePrintLetters\RecursivePrintLetters.csproj", "{BAC16C17-174B-4EF6-BCC5-E4F463897735}"
EndProject
Global
	GlobalSection(SolutionConfigurationPlatforms) = preSolution
		Debug|Any CPU = Debug|Any CPU
		Release|Any CPU = Release|Any CPU
	EndGlobalSection
	GlobalSection(ProjectConfigurationPlatforms) = postSolution
		{BAC16C17-174B-4EF6-BCC5-E4F463897735}.Debug|Any CPU.ActiveCfg = Debug|Any CPU
		{BAC16C17-174B-4EF6-BCC5-E4F463897735}.Debug|Any CPU.Build.0 = Debug|Any CPU
		{BAC16C17-174B-4EF6-BCC5-E4F463897735}.Release|Any CPU.ActiveCfg = Release|Any CPU
		{BAC16C17-174B-4EF6-BCC5-E4F463897735}.Release|Any CPU.Build.0 = Release|Any CPU
	EndGlobalSection
	GlobalSection(SolutionProperties) = preSolution
		HideSolutionNode = FALSE
	EndGlobalSection
	GlobalSection(ExtensibilityGlobals) = postSolution
		SolutionGuid = {4530AFE8-82D5-4F61-AE4E-5FFA8E08A716}
	EndGlobalSection
EndGlobal
