
Microsoft Visual Studio Solution File, Format Version 12.00
# Visual Studio Version 16
VisualStudioVersion = 16.0.30309.148
MinimumVisualStudioVersion = 10.0.40219.1
Project("{FAE04EC0-301F-11D3-BF4B-00C04F79EFBC}") = "OneDArrayTemp", "OneDArrayTemp\OneDArrayTemp.csproj", "{CEE3E450-E33B-4D47-A18C-8308CFEB114E}"
EndProject
Global
	GlobalSection(SolutionConfigurationPlatforms) = preSolution
		Debug|Any CPU = Debug|Any CPU
		Release|Any CPU = Release|Any CPU
	EndGlobalSection
	GlobalSection(ProjectConfigurationPlatforms) = postSolution
		{CEE3E450-E33B-4D47-A18C-8308CFEB114E}.Debug|Any CPU.ActiveCfg = Debug|Any CPU
		{CEE3E450-E33B-4D47-A18C-8308CFEB114E}.Debug|Any CPU.Build.0 = Debug|Any CPU
		{CEE3E450-E33B-4D47-A18C-8308CFEB114E}.Release|Any CPU.ActiveCfg = Release|Any CPU
		{CEE3E450-E33B-4D47-A18C-8308CFEB114E}.Release|Any CPU.Build.0 = Release|Any CPU
	EndGlobalSection
	GlobalSection(SolutionProperties) = preSolution
		HideSolutionNode = FALSE
	EndGlobalSection
	GlobalSection(ExtensibilityGlobals) = postSolution
		SolutionGuid = {75B02FDF-ECBD-4F30-9277-1C7D39876CEE}
	EndGlobalSection
EndGlobal
