
Microsoft Visual Studio Solution File, Format Version 12.00
# Visual Studio Version 16
VisualStudioVersion = 16.0.30225.117
MinimumVisualStudioVersion = 10.0.40219.1
Project("{FAE04EC0-301F-11D3-BF4B-00C04F79EFBC}") = "estimatePiefficient", "estimatePiefficient\estimatePiefficient.csproj", "{4F31E33D-8C87-48E9-917C-46A4579ACA58}"
EndProject
Global
	GlobalSection(SolutionConfigurationPlatforms) = preSolution
		Debug|Any CPU = Debug|Any CPU
		Release|Any CPU = Release|Any CPU
	EndGlobalSection
	GlobalSection(ProjectConfigurationPlatforms) = postSolution
		{4F31E33D-8C87-48E9-917C-46A4579ACA58}.Debug|Any CPU.ActiveCfg = Debug|Any CPU
		{4F31E33D-8C87-48E9-917C-46A4579ACA58}.Debug|Any CPU.Build.0 = Debug|Any CPU
		{4F31E33D-8C87-48E9-917C-46A4579ACA58}.Release|Any CPU.ActiveCfg = Release|Any CPU
		{4F31E33D-8C87-48E9-917C-46A4579ACA58}.Release|Any CPU.Build.0 = Release|Any CPU
	EndGlobalSection
	GlobalSection(SolutionProperties) = preSolution
		HideSolutionNode = FALSE
	EndGlobalSection
	GlobalSection(ExtensibilityGlobals) = postSolution
		SolutionGuid = {05C7FB22-C832-4B7A-AFF2-188F0E5F31C1}
	EndGlobalSection
EndGlobal
