
Microsoft Visual Studio Solution File, Format Version 12.00
# Visual Studio Version 16
VisualStudioVersion = 16.0.30330.147
MinimumVisualStudioVersion = 10.0.40219.1
Project("{FAE04EC0-301F-11D3-BF4B-00C04F79EFBC}") = "AnimalActivity", "AnimalActivity\AnimalActivity.csproj", "{E60D1835-EA7E-4A4D-8024-325E4B0889E1}"
EndProject
Global
	GlobalSection(SolutionConfigurationPlatforms) = preSolution
		Debug|Any CPU = Debug|Any CPU
		Release|Any CPU = Release|Any CPU
	EndGlobalSection
	GlobalSection(ProjectConfigurationPlatforms) = postSolution
		{E60D1835-EA7E-4A4D-8024-325E4B0889E1}.Debug|Any CPU.ActiveCfg = Debug|Any CPU
		{E60D1835-EA7E-4A4D-8024-325E4B0889E1}.Debug|Any CPU.Build.0 = Debug|Any CPU
		{E60D1835-EA7E-4A4D-8024-325E4B0889E1}.Release|Any CPU.ActiveCfg = Release|Any CPU
		{E60D1835-EA7E-4A4D-8024-325E4B0889E1}.Release|Any CPU.Build.0 = Release|Any CPU
	EndGlobalSection
	GlobalSection(SolutionProperties) = preSolution
		HideSolutionNode = FALSE
	EndGlobalSection
	GlobalSection(ExtensibilityGlobals) = postSolution
		SolutionGuid = {E0568284-997D-4EF1-8E21-224CAED136D5}
	EndGlobalSection
EndGlobal
