
Microsoft Visual Studio Solution File, Format Version 12.00
# Visual Studio Version 16
VisualStudioVersion = 16.0.30320.27
MinimumVisualStudioVersion = 10.0.40219.1
Project("{FAE04EC0-301F-11D3-BF4B-00C04F79EFBC}") = "ListExample3", "ListExample3\ListExample3.csproj", "{8A23EA77-ABC6-4629-B511-38F27F4ADADE}"
EndProject
Global
	GlobalSection(SolutionConfigurationPlatforms) = preSolution
		Debug|Any CPU = Debug|Any CPU
		Release|Any CPU = Release|Any CPU
	EndGlobalSection
	GlobalSection(ProjectConfigurationPlatforms) = postSolution
		{8A23EA77-ABC6-4629-B511-38F27F4ADADE}.Debug|Any CPU.ActiveCfg = Debug|Any CPU
		{8A23EA77-ABC6-4629-B511-38F27F4ADADE}.Debug|Any CPU.Build.0 = Debug|Any CPU
		{8A23EA77-ABC6-4629-B511-38F27F4ADADE}.Release|Any CPU.ActiveCfg = Release|Any CPU
		{8A23EA77-ABC6-4629-B511-38F27F4ADADE}.Release|Any CPU.Build.0 = Release|Any CPU
	EndGlobalSection
	GlobalSection(SolutionProperties) = preSolution
		HideSolutionNode = FALSE
	EndGlobalSection
	GlobalSection(ExtensibilityGlobals) = postSolution
		SolutionGuid = {D080F521-9E30-4DCD-8A68-26B94A16F387}
	EndGlobalSection
EndGlobal
