
Microsoft Visual Studio Solution File, Format Version 12.00
# Visual Studio Version 16
VisualStudioVersion = 16.0.30225.117
MinimumVisualStudioVersion = 10.0.40219.1
Project("{FAE04EC0-301F-11D3-BF4B-00C04F79EFBC}") = "brokenChange", "brokenChange\brokenChange.csproj", "{A924AED6-0538-4870-A348-75F0722DE02F}"
EndProject
Global
	GlobalSection(SolutionConfigurationPlatforms) = preSolution
		Debug|Any CPU = Debug|Any CPU
		Release|Any CPU = Release|Any CPU
	EndGlobalSection
	GlobalSection(ProjectConfigurationPlatforms) = postSolution
		{A924AED6-0538-4870-A348-75F0722DE02F}.Debug|Any CPU.ActiveCfg = Debug|Any CPU
		{A924AED6-0538-4870-A348-75F0722DE02F}.Debug|Any CPU.Build.0 = Debug|Any CPU
		{A924AED6-0538-4870-A348-75F0722DE02F}.Release|Any CPU.ActiveCfg = Release|Any CPU
		{A924AED6-0538-4870-A348-75F0722DE02F}.Release|Any CPU.Build.0 = Release|Any CPU
	EndGlobalSection
	GlobalSection(SolutionProperties) = preSolution
		HideSolutionNode = FALSE
	EndGlobalSection
	GlobalSection(ExtensibilityGlobals) = postSolution
		SolutionGuid = {04459989-D179-4818-A496-57E43E52DDE7}
	EndGlobalSection
EndGlobal
