
Microsoft Visual Studio Solution File, Format Version 12.00
# Visual Studio Version 16
VisualStudioVersion = 16.0.30309.148
MinimumVisualStudioVersion = 10.0.40219.1
Project("{FAE04EC0-301F-11D3-BF4B-00C04F79EFBC}") = "JaggedArrayStudent", "JaggedArrayStudent\JaggedArrayStudent.csproj", "{DF0AC1A5-0A2F-4AC6-9C76-18D5A69BBDC8}"
EndProject
Global
	GlobalSection(SolutionConfigurationPlatforms) = preSolution
		Debug|Any CPU = Debug|Any CPU
		Release|Any CPU = Release|Any CPU
	EndGlobalSection
	GlobalSection(ProjectConfigurationPlatforms) = postSolution
		{DF0AC1A5-0A2F-4AC6-9C76-18D5A69BBDC8}.Debug|Any CPU.ActiveCfg = Debug|Any CPU
		{DF0AC1A5-0A2F-4AC6-9C76-18D5A69BBDC8}.Debug|Any CPU.Build.0 = Debug|Any CPU
		{DF0AC1A5-0A2F-4AC6-9C76-18D5A69BBDC8}.Release|Any CPU.ActiveCfg = Release|Any CPU
		{DF0AC1A5-0A2F-4AC6-9C76-18D5A69BBDC8}.Release|Any CPU.Build.0 = Release|Any CPU
	EndGlobalSection
	GlobalSection(SolutionProperties) = preSolution
		HideSolutionNode = FALSE
	EndGlobalSection
	GlobalSection(ExtensibilityGlobals) = postSolution
		SolutionGuid = {8C9EE29E-6BDC-4348-AF77-5085AAB7DCCB}
	EndGlobalSection
EndGlobal
