
Microsoft Visual Studio Solution File, Format Version 12.00
# Visual Studio Version 16
VisualStudioVersion = 16.0.30413.136
MinimumVisualStudioVersion = 10.0.40219.1
Project("{FAE04EC0-301F-11D3-BF4B-00C04F79EFBC}") = "ManageShape", "ManageShape\ManageShape.csproj", "{23D86151-E6B2-406E-B1E0-4EA6E6B66834}"
EndProject
Global
	GlobalSection(SolutionConfigurationPlatforms) = preSolution
		Debug|Any CPU = Debug|Any CPU
		Release|Any CPU = Release|Any CPU
	EndGlobalSection
	GlobalSection(ProjectConfigurationPlatforms) = postSolution
		{23D86151-E6B2-406E-B1E0-4EA6E6B66834}.Debug|Any CPU.ActiveCfg = Debug|Any CPU
		{23D86151-E6B2-406E-B1E0-4EA6E6B66834}.Debug|Any CPU.Build.0 = Debug|Any CPU
		{23D86151-E6B2-406E-B1E0-4EA6E6B66834}.Release|Any CPU.ActiveCfg = Release|Any CPU
		{23D86151-E6B2-406E-B1E0-4EA6E6B66834}.Release|Any CPU.Build.0 = Release|Any CPU
	EndGlobalSection
	GlobalSection(SolutionProperties) = preSolution
		HideSolutionNode = FALSE
	EndGlobalSection
	GlobalSection(ExtensibilityGlobals) = postSolution
		SolutionGuid = {CBDEBA54-E241-48C2-AC11-CC442F240D69}
	EndGlobalSection
EndGlobal
