
Microsoft Visual Studio Solution File, Format Version 12.00
# Visual Studio Version 16
VisualStudioVersion = 16.0.30320.27
MinimumVisualStudioVersion = 10.0.40219.1
Project("{FAE04EC0-301F-11D3-BF4B-00C04F79EFBC}") = "CustomerEncap", "CustomerEncap\CustomerEncap.csproj", "{C2D027F6-E82B-4727-9A25-24F94BBF0580}"
EndProject
Global
	GlobalSection(SolutionConfigurationPlatforms) = preSolution
		Debug|Any CPU = Debug|Any CPU
		Release|Any CPU = Release|Any CPU
	EndGlobalSection
	GlobalSection(ProjectConfigurationPlatforms) = postSolution
		{C2D027F6-E82B-4727-9A25-24F94BBF0580}.Debug|Any CPU.ActiveCfg = Debug|Any CPU
		{C2D027F6-E82B-4727-9A25-24F94BBF0580}.Debug|Any CPU.Build.0 = Debug|Any CPU
		{C2D027F6-E82B-4727-9A25-24F94BBF0580}.Release|Any CPU.ActiveCfg = Release|Any CPU
		{C2D027F6-E82B-4727-9A25-24F94BBF0580}.Release|Any CPU.Build.0 = Release|Any CPU
	EndGlobalSection
	GlobalSection(SolutionProperties) = preSolution
		HideSolutionNode = FALSE
	EndGlobalSection
	GlobalSection(ExtensibilityGlobals) = postSolution
		SolutionGuid = {3C30199F-4454-4CAA-8572-80F439C46F41}
	EndGlobalSection
EndGlobal
